
Microsoft Visual Studio Solution File, Format Version 12.00
# Visual Studio Version 17
VisualStudioVersion = 17.3.32819.101
MinimumVisualStudioVersion = 10.0.40219.1
Project("{FAE04EC0-301F-11D3-BF4B-00C04F79EFBC}") = "Arrays", "Arrays.csproj", "{EFBEF2A0-791A-4877-B8C1-6CEDA3FF7641}"
EndProject
Global
	GlobalSection(SolutionConfigurationPlatforms) = preSolution
		Debug|Any CPU = Debug|Any CPU
		Release|Any CPU = Release|Any CPU
	EndGlobalSection
	GlobalSection(ProjectConfigurationPlatforms) = postSolution
		{EFBEF2A0-791A-4877-B8C1-6CEDA3FF7641}.Debug|Any CPU.ActiveCfg = Debug|Any CPU
		{EFBEF2A0-791A-4877-B8C1-6CEDA3FF7641}.Debug|Any CPU.Build.0 = Debug|Any CPU
		{EFBEF2A0-791A-4877-B8C1-6CEDA3FF7641}.Release|Any CPU.ActiveCfg = Release|Any CPU
		{EFBEF2A0-791A-4877-B8C1-6CEDA3FF7641}.Release|Any CPU.Build.0 = Release|Any CPU
	EndGlobalSection
	GlobalSection(SolutionProperties) = preSolution
		HideSolutionNode = FALSE
	EndGlobalSection
	GlobalSection(ExtensibilityGlobals) = postSolution
		SolutionGuid = {02CCEB4B-607B-4316-BCD2-ACEC2F7D1385}
	EndGlobalSection
EndGlobal
