
Microsoft Visual Studio Solution File, Format Version 12.00
# Visual Studio Version 17
VisualStudioVersion = 17.3.32819.101
MinimumVisualStudioVersion = 10.0.40219.1
Project("{FAE04EC0-301F-11D3-BF4B-00C04F79EFBC}") = "ObjectModule", "ObjectModule.csproj", "{625E975E-3E54-4728-B77D-DCEC2DE8329D}"
EndProject
Global
	GlobalSection(SolutionConfigurationPlatforms) = preSolution
		Debug|Any CPU = Debug|Any CPU
		Release|Any CPU = Release|Any CPU
	EndGlobalSection
	GlobalSection(ProjectConfigurationPlatforms) = postSolution
		{625E975E-3E54-4728-B77D-DCEC2DE8329D}.Debug|Any CPU.ActiveCfg = Debug|Any CPU
		{625E975E-3E54-4728-B77D-DCEC2DE8329D}.Debug|Any CPU.Build.0 = Debug|Any CPU
		{625E975E-3E54-4728-B77D-DCEC2DE8329D}.Release|Any CPU.ActiveCfg = Release|Any CPU
		{625E975E-3E54-4728-B77D-DCEC2DE8329D}.Release|Any CPU.Build.0 = Release|Any CPU
	EndGlobalSection
	GlobalSection(SolutionProperties) = preSolution
		HideSolutionNode = FALSE
	EndGlobalSection
	GlobalSection(ExtensibilityGlobals) = postSolution
		SolutionGuid = {73977F1B-3147-43FC-8291-C7DF7C73694D}
	EndGlobalSection
EndGlobal
