
Microsoft Visual Studio Solution File, Format Version 12.00
# Visual Studio Version 17
VisualStudioVersion = 17.3.32819.101
MinimumVisualStudioVersion = 10.0.40219.1
Project("{FAE04EC0-301F-11D3-BF4B-00C04F79EFBC}") = "SearchSort", "SearchSort.csproj", "{BE44FA0E-7C79-4894-8630-F0D4F8472C7A}"
EndProject
Global
	GlobalSection(SolutionConfigurationPlatforms) = preSolution
		Debug|Any CPU = Debug|Any CPU
		Release|Any CPU = Release|Any CPU
	EndGlobalSection
	GlobalSection(ProjectConfigurationPlatforms) = postSolution
		{BE44FA0E-7C79-4894-8630-F0D4F8472C7A}.Debug|Any CPU.ActiveCfg = Debug|Any CPU
		{BE44FA0E-7C79-4894-8630-F0D4F8472C7A}.Debug|Any CPU.Build.0 = Debug|Any CPU
		{BE44FA0E-7C79-4894-8630-F0D4F8472C7A}.Release|Any CPU.ActiveCfg = Release|Any CPU
		{BE44FA0E-7C79-4894-8630-F0D4F8472C7A}.Release|Any CPU.Build.0 = Release|Any CPU
	EndGlobalSection
	GlobalSection(SolutionProperties) = preSolution
		HideSolutionNode = FALSE
	EndGlobalSection
	GlobalSection(ExtensibilityGlobals) = postSolution
		SolutionGuid = {F22E8DC0-5686-4029-8810-043510BC0D6C}
	EndGlobalSection
EndGlobal
